
Microsoft Visual Studio Solution File, Format Version 12.00
# Visual Studio Version 16
VisualStudioVersion = 16.0.30204.135
MinimumVisualStudioVersion = 10.0.40219.1
Project("{FAE04EC0-301F-11D3-BF4B-00C04F79EFBC}") = "ControlCuentasUsuario", "ControlCuentasUsuario\ControlCuentasUsuario.csproj", "{CFD4A085-28DA-434F-8626-F0B1993F2915}"
EndProject
Global
	GlobalSection(SolutionConfigurationPlatforms) = preSolution
		Debug|Any CPU = Debug|Any CPU
		Release|Any CPU = Release|Any CPU
	EndGlobalSection
	GlobalSection(ProjectConfigurationPlatforms) = postSolution
		{CFD4A085-28DA-434F-8626-F0B1993F2915}.Debug|Any CPU.ActiveCfg = Debug|Any CPU
		{CFD4A085-28DA-434F-8626-F0B1993F2915}.Debug|Any CPU.Build.0 = Debug|Any CPU
		{CFD4A085-28DA-434F-8626-F0B1993F2915}.Release|Any CPU.ActiveCfg = Release|Any CPU
		{CFD4A085-28DA-434F-8626-F0B1993F2915}.Release|Any CPU.Build.0 = Release|Any CPU
	EndGlobalSection
	GlobalSection(SolutionProperties) = preSolution
		HideSolutionNode = FALSE
	EndGlobalSection
	GlobalSection(ExtensibilityGlobals) = postSolution
		SolutionGuid = {907D9CDD-3CE5-4873-BF66-26BEA7CEFEAE}
	EndGlobalSection
EndGlobal
